
Microsoft Visual Studio Solution File, Format Version 12.00
# Visual Studio Version 16
VisualStudioVersion = 16.0.30413.136
MinimumVisualStudioVersion = 10.0.40219.1
Project("{FAE04EC0-301F-11D3-BF4B-00C04F79EFBC}") = "oop_13", "oop_13\oop_13.csproj", "{0A72CC70-7E73-486B-ACDF-D9ACBBBDE44A}"
EndProject
Global
	GlobalSection(SolutionConfigurationPlatforms) = preSolution
		Debug|Any CPU = Debug|Any CPU
		Release|Any CPU = Release|Any CPU
	EndGlobalSection
	GlobalSection(ProjectConfigurationPlatforms) = postSolution
		{0A72CC70-7E73-486B-ACDF-D9ACBBBDE44A}.Debug|Any CPU.ActiveCfg = Debug|Any CPU
		{0A72CC70-7E73-486B-ACDF-D9ACBBBDE44A}.Debug|Any CPU.Build.0 = Debug|Any CPU
		{0A72CC70-7E73-486B-ACDF-D9ACBBBDE44A}.Release|Any CPU.ActiveCfg = Release|Any CPU
		{0A72CC70-7E73-486B-ACDF-D9ACBBBDE44A}.Release|Any CPU.Build.0 = Release|Any CPU
	EndGlobalSection
	GlobalSection(SolutionProperties) = preSolution
		HideSolutionNode = FALSE
	EndGlobalSection
	GlobalSection(ExtensibilityGlobals) = postSolution
		SolutionGuid = {38E74D85-270F-47D6-9E3D-B07AC18628BF}
	EndGlobalSection
EndGlobal
