
Microsoft Visual Studio Solution File, Format Version 12.00
# Visual Studio Version 16
VisualStudioVersion = 16.0.30413.136
MinimumVisualStudioVersion = 10.0.40219.1
Project("{FAE04EC0-301F-11D3-BF4B-00C04F79EFBC}") = "oop_16", "oop_16\oop_16.csproj", "{491DB8B7-2AF2-450A-88E6-3F70EF8E2350}"
EndProject
Global
	GlobalSection(SolutionConfigurationPlatforms) = preSolution
		Debug|Any CPU = Debug|Any CPU
		Release|Any CPU = Release|Any CPU
	EndGlobalSection
	GlobalSection(ProjectConfigurationPlatforms) = postSolution
		{491DB8B7-2AF2-450A-88E6-3F70EF8E2350}.Debug|Any CPU.ActiveCfg = Debug|Any CPU
		{491DB8B7-2AF2-450A-88E6-3F70EF8E2350}.Debug|Any CPU.Build.0 = Debug|Any CPU
		{491DB8B7-2AF2-450A-88E6-3F70EF8E2350}.Release|Any CPU.ActiveCfg = Release|Any CPU
		{491DB8B7-2AF2-450A-88E6-3F70EF8E2350}.Release|Any CPU.Build.0 = Release|Any CPU
	EndGlobalSection
	GlobalSection(SolutionProperties) = preSolution
		HideSolutionNode = FALSE
	EndGlobalSection
	GlobalSection(ExtensibilityGlobals) = postSolution
		SolutionGuid = {6399981D-3565-4D20-9CA0-8AE424511986}
	EndGlobalSection
EndGlobal
